
Microsoft Visual Studio Solution File, Format Version 12.00
# Visual Studio Version 17
VisualStudioVersion = 17.12.35514.174
MinimumVisualStudioVersion = 10.0.40219.1
Project("{FAE04EC0-301F-11D3-BF4B-00C04F79EFBC}") = "Server", "Server\Server.csproj", "{0448E4BB-3070-4B27-862A-88087046E727}"
EndProject
Project("{FAE04EC0-301F-11D3-BF4B-00C04F79EFBC}") = "Model", "Core\Model.csproj", "{46670BA1-03EE-4210-8490-6F5B8A0ACF2F}"
EndProject
Global
	GlobalSection(SolutionConfigurationPlatforms) = preSolution
		Debug|Any CPU = Debug|Any CPU
		Release|Any CPU = Release|Any CPU
	EndGlobalSection
	GlobalSection(ProjectConfigurationPlatforms) = postSolution
		{0448E4BB-3070-4B27-862A-88087046E727}.Debug|Any CPU.ActiveCfg = Debug|Any CPU
		{0448E4BB-3070-4B27-862A-88087046E727}.Debug|Any CPU.Build.0 = Debug|Any CPU
		{0448E4BB-3070-4B27-862A-88087046E727}.Release|Any CPU.ActiveCfg = Release|Any CPU
		{0448E4BB-3070-4B27-862A-88087046E727}.Release|Any CPU.Build.0 = Release|Any CPU
		{46670BA1-03EE-4210-8490-6F5B8A0ACF2F}.Debug|Any CPU.ActiveCfg = Debug|Any CPU
		{46670BA1-03EE-4210-8490-6F5B8A0ACF2F}.Debug|Any CPU.Build.0 = Debug|Any CPU
		{46670BA1-03EE-4210-8490-6F5B8A0ACF2F}.Release|Any CPU.ActiveCfg = Release|Any CPU
		{46670BA1-03EE-4210-8490-6F5B8A0ACF2F}.Release|Any CPU.Build.0 = Release|Any CPU
	EndGlobalSection
	GlobalSection(SolutionProperties) = preSolution
		HideSolutionNode = FALSE
	EndGlobalSection
EndGlobal
