
Microsoft Visual Studio Solution File, Format Version 12.00
# Visual Studio Version 17
VisualStudioVersion = 17.12.35514.174
MinimumVisualStudioVersion = 10.0.40219.1
Project("{FAE04EC0-301F-11D3-BF4B-00C04F79EFBC}") = "Server", "Server\Server.csproj", "{E7108113-C073-4CC4-A519-720DA446C6F3}"
EndProject
Project("{FAE04EC0-301F-11D3-BF4B-00C04F79EFBC}") = "View", "View\View.csproj", "{BB6DC80F-6776-4112-BC3E-94E7FCA119C3}"
EndProject
Project("{FAE04EC0-301F-11D3-BF4B-00C04F79EFBC}") = "Model", "Model\Model.csproj", "{2F7B23B4-A598-4B4E-9A99-EE9F5DFB93A4}"
EndProject
Project("{FAE04EC0-301F-11D3-BF4B-00C04F79EFBC}") = "Controller", "Controller\Controller.csproj", "{87006C54-4F14-416B-BF1C-587C00E9E7D7}"
EndProject
Global
	GlobalSection(SolutionConfigurationPlatforms) = preSolution
		Debug|Any CPU = Debug|Any CPU
		Release|Any CPU = Release|Any CPU
	EndGlobalSection
	GlobalSection(ProjectConfigurationPlatforms) = postSolution
		{E7108113-C073-4CC4-A519-720DA446C6F3}.Debug|Any CPU.ActiveCfg = Debug|Any CPU
		{E7108113-C073-4CC4-A519-720DA446C6F3}.Debug|Any CPU.Build.0 = Debug|Any CPU
		{E7108113-C073-4CC4-A519-720DA446C6F3}.Release|Any CPU.ActiveCfg = Release|Any CPU
		{E7108113-C073-4CC4-A519-720DA446C6F3}.Release|Any CPU.Build.0 = Release|Any CPU
		{BB6DC80F-6776-4112-BC3E-94E7FCA119C3}.Debug|Any CPU.ActiveCfg = Debug|Any CPU
		{BB6DC80F-6776-4112-BC3E-94E7FCA119C3}.Debug|Any CPU.Build.0 = Debug|Any CPU
		{BB6DC80F-6776-4112-BC3E-94E7FCA119C3}.Release|Any CPU.ActiveCfg = Release|Any CPU
		{BB6DC80F-6776-4112-BC3E-94E7FCA119C3}.Release|Any CPU.Build.0 = Release|Any CPU
		{2F7B23B4-A598-4B4E-9A99-EE9F5DFB93A4}.Debug|Any CPU.ActiveCfg = Debug|Any CPU
		{2F7B23B4-A598-4B4E-9A99-EE9F5DFB93A4}.Debug|Any CPU.Build.0 = Debug|Any CPU
		{2F7B23B4-A598-4B4E-9A99-EE9F5DFB93A4}.Release|Any CPU.ActiveCfg = Release|Any CPU
		{2F7B23B4-A598-4B4E-9A99-EE9F5DFB93A4}.Release|Any CPU.Build.0 = Release|Any CPU
		{87006C54-4F14-416B-BF1C-587C00E9E7D7}.Debug|Any CPU.ActiveCfg = Debug|Any CPU
		{87006C54-4F14-416B-BF1C-587C00E9E7D7}.Debug|Any CPU.Build.0 = Debug|Any CPU
		{87006C54-4F14-416B-BF1C-587C00E9E7D7}.Release|Any CPU.ActiveCfg = Release|Any CPU
		{87006C54-4F14-416B-BF1C-587C00E9E7D7}.Release|Any CPU.Build.0 = Release|Any CPU
	EndGlobalSection
	GlobalSection(SolutionProperties) = preSolution
		HideSolutionNode = FALSE
	EndGlobalSection
EndGlobal
